
Microsoft Visual Studio Solution File, Format Version 12.00
# Visual Studio 15
VisualStudioVersion = 15.0.28307.329
MinimumVisualStudioVersion = 10.0.40219.1
Project("{FAE04EC0-301F-11D3-BF4B-00C04F79EFBC}") = "8-Puzzle A-Star Algoritma", "8-Puzzle A-Star Algoritma\8-Puzzle A-Star Algoritma.csproj", "{C7103221-8138-4CC1-8067-6DF1C5FB54AB}"
EndProject
Global
	GlobalSection(SolutionConfigurationPlatforms) = preSolution
		Debug|Any CPU = Debug|Any CPU
		Release|Any CPU = Release|Any CPU
	EndGlobalSection
	GlobalSection(ProjectConfigurationPlatforms) = postSolution
		{C7103221-8138-4CC1-8067-6DF1C5FB54AB}.Debug|Any CPU.ActiveCfg = Debug|Any CPU
		{C7103221-8138-4CC1-8067-6DF1C5FB54AB}.Debug|Any CPU.Build.0 = Debug|Any CPU
		{C7103221-8138-4CC1-8067-6DF1C5FB54AB}.Release|Any CPU.ActiveCfg = Release|Any CPU
		{C7103221-8138-4CC1-8067-6DF1C5FB54AB}.Release|Any CPU.Build.0 = Release|Any CPU
	EndGlobalSection
	GlobalSection(SolutionProperties) = preSolution
		HideSolutionNode = FALSE
	EndGlobalSection
	GlobalSection(ExtensibilityGlobals) = postSolution
		SolutionGuid = {A0D37013-866B-4EFC-B2B3-7036D412EA2A}
	EndGlobalSection
EndGlobal
